
Microsoft Visual Studio Solution File, Format Version 12.00
# Visual Studio Version 17
VisualStudioVersion = 17.1.32210.238
MinimumVisualStudioVersion = 10.0.40219.1
Project("{FAE04EC0-301F-11D3-BF4B-00C04F79EFBC}") = "BiometriaZad3", "BiometriaZad3\BiometriaZad3.csproj", "{95DB71A0-B0B5-4011-95D3-D0226D045390}"
EndProject
Global
	GlobalSection(SolutionConfigurationPlatforms) = preSolution
		Debug|Any CPU = Debug|Any CPU
		Release|Any CPU = Release|Any CPU
	EndGlobalSection
	GlobalSection(ProjectConfigurationPlatforms) = postSolution
		{95DB71A0-B0B5-4011-95D3-D0226D045390}.Debug|Any CPU.ActiveCfg = Debug|Any CPU
		{95DB71A0-B0B5-4011-95D3-D0226D045390}.Debug|Any CPU.Build.0 = Debug|Any CPU
		{95DB71A0-B0B5-4011-95D3-D0226D045390}.Release|Any CPU.ActiveCfg = Release|Any CPU
		{95DB71A0-B0B5-4011-95D3-D0226D045390}.Release|Any CPU.Build.0 = Release|Any CPU
	EndGlobalSection
	GlobalSection(SolutionProperties) = preSolution
		HideSolutionNode = FALSE
	EndGlobalSection
	GlobalSection(ExtensibilityGlobals) = postSolution
		SolutionGuid = {B393DCA6-15AA-44D6-A571-3E46A78C8EFB}
	EndGlobalSection
EndGlobal
